
Microsoft Visual Studio Solution File, Format Version 12.00
# Visual Studio Version 17
VisualStudioVersion = 17.5.33530.505
MinimumVisualStudioVersion = 10.0.40219.1
Project("{FAE04EC0-301F-11D3-BF4B-00C04F79EFBC}") = "Car", "Car\Car.csproj", "{6352F3FB-8E0E-4340-A7CF-938071BF4CCC}"
EndProject
Global
	GlobalSection(SolutionConfigurationPlatforms) = preSolution
		Debug|Any CPU = Debug|Any CPU
		Release|Any CPU = Release|Any CPU
	EndGlobalSection
	GlobalSection(ProjectConfigurationPlatforms) = postSolution
		{6352F3FB-8E0E-4340-A7CF-938071BF4CCC}.Debug|Any CPU.ActiveCfg = Debug|Any CPU
		{6352F3FB-8E0E-4340-A7CF-938071BF4CCC}.Debug|Any CPU.Build.0 = Debug|Any CPU
		{6352F3FB-8E0E-4340-A7CF-938071BF4CCC}.Release|Any CPU.ActiveCfg = Release|Any CPU
		{6352F3FB-8E0E-4340-A7CF-938071BF4CCC}.Release|Any CPU.Build.0 = Release|Any CPU
	EndGlobalSection
	GlobalSection(SolutionProperties) = preSolution
		HideSolutionNode = FALSE
	EndGlobalSection
	GlobalSection(ExtensibilityGlobals) = postSolution
		SolutionGuid = {E3F78952-5406-4FE0-A7A4-E0E2CA1F650B}
	EndGlobalSection
EndGlobal
